
Microsoft Visual Studio Solution File, Format Version 12.00
# Visual Studio 14
VisualStudioVersion = 14.0.25420.1
MinimumVisualStudioVersion = 10.0.40219.1
Project("{FAE04EC0-301F-11D3-BF4B-00C04F79EFBC}") = "GameLogic", "GameLogic\GameLogic.csproj", "{721E7227-2878-4B44-8360-08A9BE9B784D}"
EndProject
Project("{FAE04EC0-301F-11D3-BF4B-00C04F79EFBC}") = "GameUI", "GameUI\GameUI.csproj", "{FFF8744D-893C-4E67-B44A-D01D7E85AA0A}"
EndProject
Global
	GlobalSection(SolutionConfigurationPlatforms) = preSolution
		Debug|Any CPU = Debug|Any CPU
		Release|Any CPU = Release|Any CPU
	EndGlobalSection
	GlobalSection(ProjectConfigurationPlatforms) = postSolution
		{721E7227-2878-4B44-8360-08A9BE9B784D}.Debug|Any CPU.ActiveCfg = Debug|Any CPU
		{721E7227-2878-4B44-8360-08A9BE9B784D}.Debug|Any CPU.Build.0 = Debug|Any CPU
		{721E7227-2878-4B44-8360-08A9BE9B784D}.Release|Any CPU.ActiveCfg = Release|Any CPU
		{721E7227-2878-4B44-8360-08A9BE9B784D}.Release|Any CPU.Build.0 = Release|Any CPU
		{FFF8744D-893C-4E67-B44A-D01D7E85AA0A}.Debug|Any CPU.ActiveCfg = Debug|Any CPU
		{FFF8744D-893C-4E67-B44A-D01D7E85AA0A}.Debug|Any CPU.Build.0 = Debug|Any CPU
		{FFF8744D-893C-4E67-B44A-D01D7E85AA0A}.Release|Any CPU.ActiveCfg = Release|Any CPU
		{FFF8744D-893C-4E67-B44A-D01D7E85AA0A}.Release|Any CPU.Build.0 = Release|Any CPU
	EndGlobalSection
	GlobalSection(SolutionProperties) = preSolution
		HideSolutionNode = FALSE
	EndGlobalSection
EndGlobal
